{
    "_meta": {
        "hash": {
            "sha256": "d03c43c613cb6b9fbebb53c9402de6e8a2a33c54fd9904fd4d1aa4923d046913"
        },
        "pipfile-spec": 6,
        "requires": {
            "python_version": "3.7"
        },
        "sources": [
            {
                "name": "pypi",
                "url": "https://pypi.org/simple",
                "verify_ssl": true
            }
        ]
    },
    "default": {
        "attrs": {
            "hashes": [
                "sha256:08a96c641c3a74e44eb59afb61a24f2cb9f4d7188748e76ba4bb5edfa3cb7d1c",
                "sha256:f7b7ce16570fe9965acd6d30101a28f62fb4a7f9e926b3bbc9b61f8b04247e72"
            ],
            "version": "==19.3.0"
        },
        "click": {
            "hashes": [
                "sha256:2335065e6395b9e67ca716de5f7526736bfa6ceead690adf616d925bdc622b13",
                "sha256:5b94b49521f6456670fdb30cd82a4eca9412788a93fa6dd6df72c94d5a8ff2d7"
            ],
            "version": "==7.0"
        },
        "click-plugins": {
            "hashes": [
                "sha256:46ab999744a9d831159c3411bb0c79346d94a444df9a3a3742e9ed63645f264b",
                "sha256:5d262006d3222f5057fd81e1623d4443e41dcda5dc815c06b442aa3c02889fc8"
            ],
            "version": "==1.1.1"
        },
        "cligj": {
            "hashes": [
                "sha256:20f24ce9abfde3f758aec3399e6811b936b6772f360846c662c19bf5537b4f14",
                "sha256:60c93dda4499562eb87509a8ff3535a7441053b766c9c26bcf874a732f939c7c",
                "sha256:6c7d52d529a78712491974f975c33473f430c0f7beb18c0d7a402a743dcb460a"
            ],
            "version": "==0.5.0"
        },
        "feather-format": {
            "hashes": [
                "sha256:a7a0fbc727e1877354d4b4ad83f8e382a249f116241d0ccfc624cac24bddb1a9"
            ],
            "index": "pypi",
            "version": "==0.4.0"
        },
        "fiona": {
            "hashes": [
                "sha256:0742177422d20f72e69e499886f96e1cbf5ce0c9752f8320a05eddcb0f1c576a",
                "sha256:3104311faeb10dc80e00c46734a92275d67efabe1fd6e835fec8a6f77c0920bf",
                "sha256:5567efdba15eea935c581db94f3980ecbccecb4a7a5cd79651c8aed41c70a0fa",
                "sha256:5ec34898c8b983a723fb4e949dd3e0ed7e691c303e51f6bfd61e52ac9ac813ae",
                "sha256:5f39bdf39421d79c22ae0b4e0e1169820812941206446b2294e6ca40646708fc",
                "sha256:621d2230663f3fb95d60249e27fc8e2a6e456dc85f96bbfa9882a6b0a4ce0d1f",
                "sha256:83314cf2cbe50df24c290d241681964adf6fe9c0ba33a0a0f980a5f44008296b",
                "sha256:9347c2b8950575014ec233f6191e52d03ef68a5bb759a53a621b095610650a50",
                "sha256:976e91e056e818720510984970ec33f26b9744cdf52e586e08217bf34bfcb41e",
                "sha256:b771a58e6b93357096934fa26d65d0cf308345340d694e4d346d3b39879e265c",
                "sha256:f0adf55192ac715c1ac7a19ff1aacd667ffe251df0e09b9a6feeddce45849f17"
            ],
            "index": "pypi",
            "version": "==1.8.13"
        },
        "geopandas": {
            "hashes": [
                "sha256:684b4f8b2452638f9f1d43aed6a44bf0638b739a403f19f8a74f3f9beef94e41",
                "sha256:692ff115c91937f43cad65bc5bba012059f8d968943ba85ba314a734bb727bc4"
            ],
            "index": "pypi",
            "version": "==0.6.2"
        },
        "munch": {
            "hashes": [
                "sha256:2d735f6f24d4dba3417fa448cae40c6e896ec1fdab6cdb5e6510999758a4dbd2",
                "sha256:6f44af89a2ce4ed04ff8de41f70b226b984db10a91dcc7b9ac2efc1c77022fdd"
            ],
            "version": "==2.5.0"
        },
        "numpy": {
            "hashes": [
                "sha256:2bc9c62dfc893626cdd50dce30f597f387c4aca11cd2cdffe3e7e06a4fe19ee6",
                "sha256:3701ddb007a0549c12b26e90c82d520b9c4acf801705b9334654ade2a9550b75",
                "sha256:4c51a496ec1ce170f2b5eb458c0441affc5b1fd1d7272cf322b443c90c69983a",
                "sha256:6beebdc222e214bbbafab8f089a65821cff6cad25b349eabb653490dc25342fd",
                "sha256:70319f4d4e0a0c94e04922aaaf8c9aca72d38b61cc69e338fb872e9ff27d94a2",
                "sha256:73abd855401b9da6efb67490f4dd82226cf95f47d66b8dc9ebe4df523baaaeb2",
                "sha256:76d92b0b86227c6dbc3f9030b8b865f41ae04f73daa161e4e3c5566e03d6ed41",
                "sha256:787781333c1d69c7c23ccd85165cca732a5f3fd9d997b8ee40829b7c0c38db86",
                "sha256:78ca6befab03c682bcb013241801e3b750e9de9b60664e9839e5b2098b5580ee",
                "sha256:7b0b915190cf60e691c17147f5d955e273d4c482b795a7bb168ad4a2fe2fb180",
                "sha256:9b369822f7681bc36b6ba624bc8ea0a1a456a9f72b324070d89ee2856cba62be",
                "sha256:a8081de993fd47b9cb7376935bb1781118fd2c473a0e834601e28229275f78d6",
                "sha256:c207646355d1d04c054d781ddcd100bbd5afc69f75f8a7623317b9db41a2015f",
                "sha256:c9474a8fe03ca958e6fafefee13d6b4a45ea4ed7e35261abf61899c0f599a118",
                "sha256:c9e73aa60166609c80f4285af8ba8b9b79e5a935df6927a174637c7c08fa8e67",
                "sha256:cbd2e1c1fb61b17eca745d7f9f6d684fd7f7817bef6454890eb6fa3e1cd4905a",
                "sha256:d7b16541a6e970d402587ff2f1cbd85753c8d982a0d5894991505fea9b81a52b",
                "sha256:e89027b24027dade03929bc17adee23feec1f6f707f4ea366c5d5a342d4d81a1",
                "sha256:e9907b5ea505dcd2cfaeb6ab08f241047ba651611f3974c9d624a7c5066ab3a6",
                "sha256:f676739da486d1c7de2d9450dafca6dee04f4d3e881b8761b795865ef1872eaf",
                "sha256:fa8851d10af0739adcae54acf5706953e2e45752f4a550006f6f3aff92335566"
            ],
            "index": "pypi",
            "version": "==1.18.0rc1"
        },
        "pandas": {
            "hashes": [
                "sha256:00dff3a8e337f5ed7ad295d98a31821d3d0fe7792da82d78d7fd79b89c03ea9d",
                "sha256:22361b1597c8c2ffd697aa9bf85423afa9e1fcfa6b1ea821054a244d5f24d75e",
                "sha256:255920e63850dc512ce356233081098554d641ba99c3767dde9e9f35630f994b",
                "sha256:26382aab9c119735908d94d2c5c08020a4a0a82969b7e5eefb92f902b3b30ad7",
                "sha256:33970f4cacdd9a0ddb8f21e151bfb9f178afb7c36eb7c25b9094c02876f385c2",
                "sha256:4545467a637e0e1393f7d05d61dace89689ad6d6f66f267f86fff737b702cce9",
                "sha256:52da74df8a9c9a103af0a72c9d5fdc8e0183a90884278db7f386b5692a2220a4",
                "sha256:61741f5aeb252f39c3031d11405305b6d10ce663c53bc3112705d7ad66c013d0",
                "sha256:6a3ac2c87e4e32a969921d1428525f09462770c349147aa8e9ab95f88c71ec71",
                "sha256:7458c48e3d15b8aaa7d575be60e1e4dd70348efcd9376656b72fecd55c59a4c3",
                "sha256:78bf638993219311377ce9836b3dc05f627a666d0dbc8cec37c0ff3c9ada673b",
                "sha256:8153705d6545fd9eb6dd2bc79301bff08825d2e2f716d5dced48daafc2d0b81f",
                "sha256:975c461accd14e89d71772e89108a050fa824c0b87a67d34cedf245f6681fc17",
                "sha256:9962957a27bfb70ab64103d0a7b42fa59c642fb4ed4cb75d0227b7bb9228535d",
                "sha256:adc3d3a3f9e59a38d923e90e20c4922fc62d1e5a03d083440468c6d8f3f1ae0a",
                "sha256:bbe3eb765a0b1e578833d243e2814b60c825b7fdbf4cdfe8e8aae8a08ed56ecf",
                "sha256:df8864824b1fe488cf778c3650ee59c3a0d8f42e53707de167ba6b4f7d35f133",
                "sha256:e45055c30a608076e31a9fcd780a956ed3b1fa20db61561b8d88b79259f526f7",
                "sha256:ee50c2142cdcf41995655d499a157d0a812fce55c97d9aad13bc1eef837ed36c"
            ],
            "version": "==0.25.3"
        },
        "pyarrow": {
            "hashes": [
                "sha256:030d67418b129eb14a1c1f1af06b1a48c8074005d704789725ea6f5addaf3b26",
                "sha256:13f921560bac5ad46b17513696e38fede0c0e92ba750c7b350c0b231815bb706",
                "sha256:14dbc00edd14133c15d62c8d6c566a82a7497b077f253fc0c2dad62c7f85beaa",
                "sha256:17cda6ba594acf5a72058dd2e5ca2586fe8781fc8d20bd750a3b7c66c8b274b2",
                "sha256:1f3934b2add6839844443c1ac0eba64e14b2b8253563574d45d6831851b11d47",
                "sha256:2964a3fe09fbe704160734d00bef7b023699dc6a603dc8eb889b095effc464db",
                "sha256:364806e26769ca20a79b1ead301c7ce28fd0534eb6d411d441053288d7e45817",
                "sha256:41cf5ed34012c43b4ceeeeb2534e3454c77e852bc9175d2e506b45bad132db49",
                "sha256:4f0276e258065c82dcb7edfc28c343ccad15da02b25e57e7c60ceb80e3f7268b",
                "sha256:4fa03d2bc725e948f361a8ce7de271e39d90130ee3a3375793ac241b452c5bfa",
                "sha256:5a07222b80ae36219c558cb8875e7e346f779d0862ae277c68899db879cf5cd7",
                "sha256:5f6026673ceaa037cb41fbe86ce7ea6483cfdc91e51dea929fbbf81883a73d96",
                "sha256:7ad074690ba38313067bf3bbda1258966d38e2037c035d08b9ffe3cce07747a5",
                "sha256:87a2324a6e41faff3a482dbfc54a1f51bbf2d7da39ee728ec73869e2ef892a97",
                "sha256:b508b860486f75bcfeab72b98b4d8caa3a1517e5b7a9b3adcd5bc4539bff8a1a",
                "sha256:bc7200f7a97aea7301f61cd616b33069d1098e6d9178db6a34ccd43ea9223f53",
                "sha256:c70f7d0032be960d8dbd32661a9de062af184f411400ea2f4a13883ca11b0b1f",
                "sha256:f5af4cd64c774693af560576a6b8039d165596b1921031ca5d739bd2e7e0554b"
            ],
            "version": "==0.15.1"
        },
        "pygeos": {
            "hashes": [
                "sha256:a10d819bf99bc83258c21342323a047b9808186e656c7e10c8f4d2dde6379a7f"
            ],
            "index": "pypi",
            "version": "==0.5"
        },
        "pyproj": {
            "hashes": [
                "sha256:0608ac0aed84dcf57c859df87ac315b9acce18268f62bafc04071b7b1ff1c5a9",
                "sha256:18265fb755e01df1d2248f1e837d81da4c9625e8f09481d64a9d6282c96f7467",
                "sha256:190540946bb6fbfce285f46c08fcfd9d03e9331a0e952a3ef2047e6b8e8d8125",
                "sha256:1da7f86d3b5e80ba3dabfd2c904a41bb6997ad9b55b47a934035492eaa0f331e",
                "sha256:2ebbaee33e076664058effc3f6c943ed4c19a45df3989203ac081fca4a4722e3",
                "sha256:32168c57450a1e6310b7ca331983d62d88393cc3e93b866fd6ea63dac30c7d3b",
                "sha256:34b8ccf42032d89ebb8e0a839ae91e943ed222dab9bf3c1373f6fb972f8bcac4",
                "sha256:432b4d28030635fac72713610aad2ed7424a7f07746fa1aa620c89761eb5e7a4",
                "sha256:55103aa0adf25d207efd6f7f36d79dadee7706f22c1791955cc52033b40071e3",
                "sha256:6bc74337edc1239f8c59d0d5b18a7996670b8fd523712d2dac599d5b792feae2",
                "sha256:6d2838bec2d9ccd31dba68c76e8e7504bf819a4d4ace86adfca1e009d8f30f19",
                "sha256:763ccac4398889cb798668824d34c4135f2e84a50681465a4199554aa1bd8611",
                "sha256:8dbf1633ad2abdae6f73fe8989700c74a12dc82cb8597e66af28ff3d990d9c45",
                "sha256:8ddffa4bcd9008c963840e8e79f2f3124f85f18d5987d4bbd9e7f38d9839a985",
                "sha256:8f225c6186b0cd2cb07fe377786425a2ddc4183ae438fe63c60b4a879c91620f",
                "sha256:97844a87cac739e389d1d0c69bc3b36c1d5c50c9f91443ef68bdef8fdf007f02",
                "sha256:9d7a13def19a91836a2c84e5c7fcb6dd5e2c9bb205fb75ee102ffba24d80bf32",
                "sha256:abd0784a017eedb3b03cd13f51b8852f4c68aa07affbee549bbd421f9b4268bb",
                "sha256:acf150ca1506fcdaa52b0570f2903216413a2a4da78dfdf5ff7ee4eb92c2f8d5",
                "sha256:b41522f8b77b64553280fb93823555bc8afb2469f77b8ce0e9aeed39abb50adc",
                "sha256:c1058da6c02152d8637bb739dca940c6ab72683e59db6065fdcbe9102f66ca46",
                "sha256:c70e713748c9c9d4a9d7bc42e1c71a17b1fc9b75b686b408a04eaf4909ead365",
                "sha256:d47caa0a89dcb39ecd405e3899e07b69d8eaa6dbf267621087a4a5328da8492a",
                "sha256:ed186edb4b610ed1e5589f3ba964d61da33d0bc54e89b8cbf8751da2e18555b3",
                "sha256:f2dc8c2128f20ee9ed571783ce4730b181476083c403514714e15000b8b470cf",
                "sha256:fba87f98344474da6df19bbfde4ca31c7d98a007069c8ef78cb27189f4bc7f04"
            ],
            "version": "==2.4.2.post1"
        },
        "python-dateutil": {
            "hashes": [
                "sha256:73ebfe9dbf22e832286dafa60473e4cd239f8592f699aa5adaf10050e6e1823c",
                "sha256:75bb3f31ea686f1197762692a9ee6a7550b59fc6ca3a1f4b5d7e32fb98e2da2a"
            ],
            "version": "==2.8.1"
        },
        "pytz": {
            "hashes": [
                "sha256:1c557d7d0e871de1f5ccd5833f60fb2550652da6be2693c1e02300743d21500d",
                "sha256:b02c06db6cf09c12dd25137e563b31700d3b80fcc4ad23abb7a315f2789819be"
            ],
            "version": "==2019.3"
        },
        "shapely": {
            "hashes": [
                "sha256:0acc128a75085ceb8d06ff1f977c0543b066318588b9efee4c0058969c294ddf",
                "sha256:2482052bf690abf07429ae080ce98992c9ffca61ae9d1625abb75ef1dc537ad0",
                "sha256:2a5cd243945e1a9ba4659804c0d626cc59f8434d9d86652a2f00554d7657914e",
                "sha256:3e2d7a4f273942542faa1984c2f078250eece2a82e70d0c71252f26d3d2cc203",
                "sha256:5e3760ca3614181e0c8ce2f98b371392a86078fba40431c8c3696d36ea4184ec",
                "sha256:61070b237faf24e87ecc15549d8ca00c216273a03a83f1e5a5704a77a16517c5",
                "sha256:66aab79043fbf176f09e53c6fd9939d61a23ca97ed010722b95957025437f474",
                "sha256:673b61161c8e396a569eabf67cbaf63628f13848ea7f7103a260fd19a4da154c",
                "sha256:911284f46bd7e449ae77ef6e7a97b2f9acca48f683265608fc2e0bf937d864bb",
                "sha256:967690e8e858223cfb7c1e01b8de5612e65f95694809f5b860228f8b47cb351f",
                "sha256:9beb242abc5b24b01cc32cb2029ae848c7fcf25a082fc3e41b9fd64f5e2cbefa",
                "sha256:d215b086761c86117e605429452af0875149bf61cbc7e3cc62f490e65aba9600",
                "sha256:d90f957f8643045b24f8953ec6a1f1edfca4baf359338b027e5976f3796746b2"
            ],
            "index": "pypi",
            "version": "==1.7a2"
        },
        "six": {
            "hashes": [
                "sha256:1f1b7d42e254082a9db6279deae68afb421ceba6158efa6131de7b3003ee93fd",
                "sha256:30f610279e8b2578cab6db20741130331735c781b56053c59c4076da27f06b66"
            ],
            "version": "==1.13.0"
        }
    },
    "develop": {
        "appdirs": {
            "hashes": [
                "sha256:9e5896d1372858f8dd3344faf4e5014d21849c756c8d5701f78f8a103b372d92",
                "sha256:d8b24664561d0d34ddfaec54636d502d7cea6e29c3eaf68f3df6180863e2166e"
            ],
            "version": "==1.4.3"
        },
        "astroid": {
            "hashes": [
                "sha256:71ea07f44df9568a75d0f354c49143a4575d90645e9fead6dfb52c26a85ed13a",
                "sha256:840947ebfa8b58f318d42301cf8c0a20fd794a33b61cc4638e28e9e61ba32f42"
            ],
            "version": "==2.3.3"
        },
        "attrs": {
            "hashes": [
                "sha256:08a96c641c3a74e44eb59afb61a24f2cb9f4d7188748e76ba4bb5edfa3cb7d1c",
                "sha256:f7b7ce16570fe9965acd6d30101a28f62fb4a7f9e926b3bbc9b61f8b04247e72"
            ],
            "version": "==19.3.0"
        },
        "black": {
            "hashes": [
                "sha256:1b30e59be925fafc1ee4565e5e08abef6b03fe455102883820fe5ee2e4734e0b",
                "sha256:c2edb73a08e9e0e6f65a0e6af18b059b8b1cdd5bef997d7a0b181df93dc81539"
            ],
            "index": "pypi",
            "version": "==19.10b0"
        },
        "bleach": {
            "hashes": [
                "sha256:213336e49e102af26d9cde77dd2d0397afabc5a6bf2fed985dc35b5d1e285a16",
                "sha256:3fdf7f77adcf649c9911387df51254b813185e32b2c6619f690b593a617e19fa"
            ],
            "version": "==3.1.0"
        },
        "certifi": {
            "hashes": [
                "sha256:017c25db2a153ce562900032d5bc68e9f191e44e9a0f762f373977de9df1fbb3",
                "sha256:25b64c7da4cd7479594d035c08c2d809eb4aab3a26e5a990ea98cc450c320f1f"
            ],
            "version": "==2019.11.28"
        },
        "chardet": {
            "hashes": [
                "sha256:84ab92ed1c4d4f16916e05906b6b75a6c0fb5db821cc65e70cbd64a3e2a5eaae",
                "sha256:fc323ffcaeaed0e0a02bf4d117757b98aed530d9ed4531e3e15460124c106691"
            ],
            "version": "==3.0.4"
        },
        "click": {
            "hashes": [
                "sha256:2335065e6395b9e67ca716de5f7526736bfa6ceead690adf616d925bdc622b13",
                "sha256:5b94b49521f6456670fdb30cd82a4eca9412788a93fa6dd6df72c94d5a8ff2d7"
            ],
            "version": "==7.0"
        },
        "coverage": {
            "hashes": [
                "sha256:0cd13a6e98c37b510a2d34c8281d5e1a226aaf9b65b7d770ef03c63169965351",
                "sha256:1a4b6b6a2a3a6612e6361130c2cc3dc4378d8c221752b96167ccbad94b47f3cd",
                "sha256:2ee55e6dba516ddf6f484aa83ccabbb0adf45a18892204c23486938d12258cde",
                "sha256:3be5338a2eb4ef03c57f20917e1d12a1fd10e3853fed060b6d6b677cb3745898",
                "sha256:44b783b02db03c4777d8cf71bae19eadc171a6f2a96777d916b2c30a1eb3d070",
                "sha256:475bf7c4252af0a56e1abba9606f1e54127cdf122063095c75ab04f6f99cf45e",
                "sha256:47c81ee687eafc2f1db7f03fbe99aab81330565ebc62fb3b61edfc2216a550c8",
                "sha256:4a7f8e72b18f2aca288ff02255ce32cc830bc04d993efbc87abf6beddc9e56c0",
                "sha256:50197163a22fd17f79086e087a787883b3ec9280a509807daf158dfc2a7ded02",
                "sha256:56b13000acf891f700f5067512b804d1ec8c301d627486c678b903859d07f798",
                "sha256:79388ae29c896299b3567965dbcd93255f175c17c6c7bca38614d12718c47466",
                "sha256:79fd5d3d62238c4f583b75d48d53cdae759fe04d4fb18fe8b371d88ad2b6f8be",
                "sha256:7fe3e2fde2bf1d7ce25ebcd2d3de3650b8d60d9a73ce6dcef36e20191291613d",
                "sha256:81042a24f67b96e4287774014fa27220d8a4d91af1043389e4d73892efc89ac6",
                "sha256:81326f1095c53111f8afc95da281e1414185f4a538609a77ca50bdfa39a6c207",
                "sha256:8873dc0d8f42142ea9f20c27bbdc485190fff93823c6795be661703369e5877d",
                "sha256:88d2cbcb0a112f47eef71eb95460b6995da18e6f8ca50c264585abc2c473154b",
                "sha256:91f2491aeab9599956c45a77c5666d323efdec790bfe23fcceafcd91105d585a",
                "sha256:979daa8655ae5a51e8e7a24e7d34e250ae8309fd9719490df92cbb2fe2b0422b",
                "sha256:9c871b006c878a890c6e44a5b2f3c6291335324b298c904dc0402ee92ee1f0be",
                "sha256:a6d092545e5af53e960465f652e00efbf5357adad177b2630d63978d85e46a72",
                "sha256:b5ed7837b923d1d71c4f587ae1539ccd96bfd6be9788f507dbe94dab5febbb5d",
                "sha256:ba259f68250f16d2444cbbfaddaa0bb20e1560a4fdaad50bece25c199e6af864",
                "sha256:be1d89614c6b6c36d7578496dc8625123bda2ff44f224cf8b1c45b810ee7383f",
                "sha256:c1b030a79749aa8d1f1486885040114ee56933b15ccfc90049ba266e4aa2139f",
                "sha256:c95bb147fab76f2ecde332d972d8f4138b8f2daee6c466af4ff3b4f29bd4c19e",
                "sha256:d52c1c2d7e856cecc05aa0526453cb14574f821b7f413cc279b9514750d795c1",
                "sha256:d609a6d564ad3d327e9509846c2c47f170456344521462b469e5cb39e48ba31c",
                "sha256:e1bad043c12fb58e8c7d92b3d7f2f49977dcb80a08a6d1e7a5114a11bf819fca",
                "sha256:e5a675f6829c53c87d79117a8eb656cc4a5f8918185a32fc93ba09778e90f6db",
                "sha256:fec32646b98baf4a22fdceb08703965bd16dea09051fbeb31a04b5b6e72b846c"
            ],
            "version": "==5.0"
        },
        "docutils": {
            "hashes": [
                "sha256:7a6228589435302e421f5c473ce0180878b90f70227f7174cacde5efbd34275f",
                "sha256:f1bad547016f945f7b35b28d8bead307821822ca3f8d4f87a1bd2ad1a8faab51"
            ],
            "version": "==0.16b0.dev0"
        },
        "idna": {
            "hashes": [
                "sha256:c357b3f628cf53ae2c4c05627ecc484553142ca23264e593d327bcde5e9c3407",
                "sha256:ea8b7f6188e6fa117537c3df7da9fc686d485087abf6ac197f9c46432f7e4a3c"
            ],
            "version": "==2.8"
        },
        "importlib-metadata": {
            "hashes": [
                "sha256:073a852570f92da5f744a3472af1b61e28e9f78ccf0c9117658dc32b15de7b45",
                "sha256:d95141fbfa7ef2ec65cfd945e2af7e5a6ddbd7c8d9a25e66ff3be8e3daf9f60f"
            ],
            "markers": "python_version < '3.8'",
            "version": "==1.3.0"
        },
        "isort": {
            "hashes": [
                "sha256:54da7e92468955c4fceacd0c86bd0ec997b0e1ee80d97f67c35a78b719dccab1",
                "sha256:6e811fcb295968434526407adb8796944f1988c5b65e8139058f2014cbe100fd"
            ],
            "version": "==4.3.21"
        },
        "keyring": {
            "hashes": [
                "sha256:a3f71fc0cf6b74e201e70532879ba1d15db25cb2c7407dce52fe52a6d5fc7b66",
                "sha256:fc9cadedae35b77141f670f84c10a657147d2e526348698c93dd77f039979729"
            ],
            "version": "==20.0.0"
        },
        "lazy-object-proxy": {
            "hashes": [
                "sha256:0c4b206227a8097f05c4dbdd323c50edf81f15db3b8dc064d08c62d37e1a504d",
                "sha256:194d092e6f246b906e8f70884e620e459fc54db3259e60cf69a4d66c3fda3449",
                "sha256:1be7e4c9f96948003609aa6c974ae59830a6baecc5376c25c92d7d697e684c08",
                "sha256:4677f594e474c91da97f489fea5b7daa17b5517190899cf213697e48d3902f5a",
                "sha256:48dab84ebd4831077b150572aec802f303117c8cc5c871e182447281ebf3ac50",
                "sha256:5541cada25cd173702dbd99f8e22434105456314462326f06dba3e180f203dfd",
                "sha256:59f79fef100b09564bc2df42ea2d8d21a64fdcda64979c0fa3db7bdaabaf6239",
                "sha256:8d859b89baf8ef7f8bc6b00aa20316483d67f0b1cbf422f5b4dc56701c8f2ffb",
                "sha256:9254f4358b9b541e3441b007a0ea0764b9d056afdeafc1a5569eee1cc6c1b9ea",
                "sha256:9651375199045a358eb6741df3e02a651e0330be090b3bc79f6d0de31a80ec3e",
                "sha256:97bb5884f6f1cdce0099f86b907aa41c970c3c672ac8b9c8352789e103cf3156",
                "sha256:9b15f3f4c0f35727d3a0fba4b770b3c4ebbb1fa907dbcc046a1d2799f3edd142",
                "sha256:a2238e9d1bb71a56cd710611a1614d1194dc10a175c1e08d75e1a7bcc250d442",
                "sha256:a6ae12d08c0bf9909ce12385803a543bfe99b95fe01e752536a60af2b7797c62",
                "sha256:ca0a928a3ddbc5725be2dd1cf895ec0a254798915fb3a36af0964a0a4149e3db",
                "sha256:cb2c7c57005a6804ab66f106ceb8482da55f5314b7fcb06551db1edae4ad1531",
                "sha256:d74bb8693bf9cf75ac3b47a54d716bbb1a92648d5f781fc799347cfc95952383",
                "sha256:d945239a5639b3ff35b70a88c5f2f491913eb94871780ebfabb2568bd58afc5a",
                "sha256:eba7011090323c1dadf18b3b689845fd96a61ba0a1dfbd7f24b921398affc357",
                "sha256:efa1909120ce98bbb3777e8b6f92237f5d5c8ea6758efea36a473e1d38f7d3e4",
                "sha256:f3900e8a5de27447acbf900b4750b0ddfd7ec1ea7fbaf11dfa911141bc522af0"
            ],
            "version": "==1.4.3"
        },
        "mccabe": {
            "hashes": [
                "sha256:ab8a6258860da4b6677da4bd2fe5dc2c659cff31b3ee4f7f5d64e79735b80d42",
                "sha256:dd8d182285a0fe56bace7f45b5e7d1a6ebcbf524e8f3bd87eb0f125271b8831f"
            ],
            "version": "==0.6.1"
        },
        "more-itertools": {
            "hashes": [
                "sha256:b84b238cce0d9adad5ed87e745778d20a3f8487d0f0cb8b8a586816c7496458d",
                "sha256:c833ef592a0324bcc6a60e48440da07645063c453880c9477ceb22490aec1564"
            ],
            "version": "==8.0.2"
        },
        "packaging": {
            "hashes": [
                "sha256:28b924174df7a2fa32c1953825ff29c61e2f5e082343165438812f00d3a7fc47",
                "sha256:d9551545c6d761f3def1677baf08ab2a3ca17c56879e70fecba2fc4dde4ed108"
            ],
            "version": "==19.2"
        },
        "pathspec": {
            "hashes": [
                "sha256:e285ccc8b0785beadd4c18e5708b12bb8fcf529a1e61215b3feff1d1e559ea5c"
            ],
            "version": "==0.6.0"
        },
        "pkginfo": {
            "hashes": [
                "sha256:7424f2c8511c186cd5424bbf31045b77435b37a8d604990b79d4e70d741148bb",
                "sha256:a6d9e40ca61ad3ebd0b72fbadd4fba16e4c0e4df0428c041e01e06eb6ee71f32"
            ],
            "version": "==1.5.0.1"
        },
        "pluggy": {
            "hashes": [
                "sha256:15b2acde666561e1298d71b523007ed7364de07029219b604cf808bfa1c765b0",
                "sha256:966c145cd83c96502c3c3868f50408687b38434af77734af1e9ca461a4081d2d"
            ],
            "version": "==0.13.1"
        },
        "py": {
            "hashes": [
                "sha256:64f65755aee5b381cea27766a3a147c3f15b9b6b9ac88676de66ba2ae36793fa",
                "sha256:dc639b046a6e2cff5bbe40194ad65936d6ba360b52b3c3fe1d08a82dd50b5e53"
            ],
            "version": "==1.8.0"
        },
        "py-cpuinfo": {
            "hashes": [
                "sha256:2cf6426f776625b21d1db8397d3297ef7acfa59018f02a8779123f3190f18500"
            ],
            "version": "==5.0.0"
        },
        "pygments": {
            "hashes": [
                "sha256:2a3fe295e54a20164a9df49c75fa58526d3be48e14aceba6d6b1e8ac0bfd6f1b",
                "sha256:98c8aa5a9f778fcd1026a17361ddaf7330d1b7c62ae97c3bb0ae73e0b9b6b0fe"
            ],
            "version": "==2.5.2"
        },
        "pylint": {
            "hashes": [
                "sha256:3db5468ad013380e987410a8d6956226963aed94ecb5f9d3a28acca6d9ac36cd",
                "sha256:886e6afc935ea2590b462664b161ca9a5e40168ea99e5300935f6591ad467df4"
            ],
            "index": "pypi",
            "version": "==2.4.4"
        },
        "pyparsing": {
            "hashes": [
                "sha256:20f995ecd72f2a1f4bf6b072b63b22e2eb457836601e76d6e5dfcd75436acc1f",
                "sha256:4ca62001be367f01bd3e92ecbb79070272a9d4964dce6a48a82ff0b8bc7e683a"
            ],
            "version": "==2.4.5"
        },
        "pytest": {
            "hashes": [
                "sha256:6b571215b5a790f9b41f19f3531c53a45cf6bb8ef2988bc1ff9afb38270b25fa",
                "sha256:e41d489ff43948babd0fad7ad5e49b8735d5d55e26628a58673c39ff61d95de4"
            ],
            "index": "pypi",
            "version": "==5.3.2"
        },
        "pytest-benchmark": {
            "hashes": [
                "sha256:4512c6805318d07926efcb3b39f7b98a10d035305a93edfd5329c86cbf9cfbf7",
                "sha256:ab851115ce022639173b9497d4a4183a1d8fe9cdcf8fab9d8a57607008aedd3d"
            ],
            "index": "pypi",
            "version": "==3.2.2"
        },
        "pytest-cov": {
            "hashes": [
                "sha256:cc6742d8bac45070217169f5f72ceee1e0e55b0221f54bcf24845972d3a47f2b",
                "sha256:cdbdef4f870408ebdbfeb44e63e07eb18bb4619fae852f6e760645fa36172626"
            ],
            "index": "pypi",
            "version": "==2.8.1"
        },
        "readme-renderer": {
            "hashes": [
                "sha256:bb16f55b259f27f75f640acf5e00cf897845a8b3e4731b5c1a436e4b8529202f",
                "sha256:c8532b79afc0375a85f10433eca157d6b50f7d6990f337fa498c96cd4bfc203d"
            ],
            "version": "==24.0"
        },
        "regex": {
            "hashes": [
                "sha256:0472acc4b6319801c1bc681d838c88ba1446f9ae199e01f6e41091c701fb3d42",
                "sha256:16709434c4e2332ee8ba26ae339aceb8ab0b24b8398ebd0f52ebc943f45c4fc2",
                "sha256:223fb63ec8dcab20b3318e93dcec4aee89e98b062934090bf29ffc374d2000a2",
                "sha256:23c3ebf05d1cd3adb26723fd598e75724e0cdb7d6a35185ac0caf061cc6edb49",
                "sha256:2404a50fb48badaf214b700f08822b68d93d79200e0aefd9569d0332d21fbfcb",
                "sha256:2af3a7a16fed6eff85c25da106effa36f61cbbe801d00ade349b53ce7619eb15",
                "sha256:37e018d3746baf159aedfc9773c3cafacbd10d354ba15484f5cfc8ed9da5748b",
                "sha256:3c9c2988d02a9238a1975c70e87c6ce94e6f36dd8e372b66f468990cfe077434",
                "sha256:47298bc8b89d1c747f0f5974aa528fc0b6b17396f1694136a224d51461279d83",
                "sha256:4eeb0fe936797ae00a085f99802642bfc722b3b4ea557e9e7849cb621ea10c91",
                "sha256:6881be0218b47ed76db033f252bab3f912dfe7ed1fe7baa9daebf51de08546a0",
                "sha256:7ac08cee5055f548eed3889e9aaef15fd00172d037949496f1f0b34acb8a7c3e",
                "sha256:7c5e2efcf079c35ff266c3f3a6708834f88f9fd04a3c16b855e036b2b7b1b543",
                "sha256:8355eaa64724a0fdb010a1654b77cb3e375dc08b7f592cc4a1c05ac606aa481c",
                "sha256:999a885f7f5194464238ad5d74b05982acee54002f3aa775d8e0e8c5fb74c06c",
                "sha256:9fd2f4813eaa3e421e82819d38e5b634d900faff7ae5a80cd89ccff407175e69",
                "sha256:a2e1e53df7dd27943da2b512895125b33fb20f81862c9fed7b3bab2a1de684d1",
                "sha256:ab43bc0836820b7900dfffc025b996784aec26ec87dc1df4f95a40398760223f",
                "sha256:ba449b56fa419fb19bf2a2438adbd2433f27087a6fe115917eaf9cfca684d5b6",
                "sha256:d3f632cefad2cf247bd845794002585e3772288bfcb0dbac59fdecd32cd38b67",
                "sha256:d51311496061863caae2cfe120cf1ef37900019b86c89c2d75f0918e0b4b8bf3"
            ],
            "version": "==2019.12.19"
        },
        "requests": {
            "hashes": [
                "sha256:11e007a8a2aa0323f5a921e9e6a2d7e4e67d9877e85773fba9ba6419025cbeb4",
                "sha256:9cf5292fcd0f598c671cfc1e0d7d1a7f13bb8085e9a590f48c010551dc6c4b31"
            ],
            "version": "==2.22.0"
        },
        "requests-toolbelt": {
            "hashes": [
                "sha256:380606e1d10dc85c3bd47bf5a6095f815ec007be7a8b69c878507068df059e6f",
                "sha256:968089d4584ad4ad7c171454f0a5c6dac23971e9472521ea3b6d49d610aa6fc0"
            ],
            "version": "==0.9.1"
        },
        "six": {
            "hashes": [
                "sha256:1f1b7d42e254082a9db6279deae68afb421ceba6158efa6131de7b3003ee93fd",
                "sha256:30f610279e8b2578cab6db20741130331735c781b56053c59c4076da27f06b66"
            ],
            "version": "==1.13.0"
        },
        "toml": {
            "hashes": [
                "sha256:229f81c57791a41d65e399fc06bf0848bab550a9dfd5ed66df18ce5f05e73d5c",
                "sha256:235682dd292d5899d361a811df37e04a8828a5b1da3115886b73cf81ebc9100e"
            ],
            "version": "==0.10.0"
        },
        "tqdm": {
            "hashes": [
                "sha256:7543892c59720e36e4212180274d8f58dde36803bc1f6370fd09afa20b8f5892",
                "sha256:f0ab01cf3ae5673d18f918700c0165e5fad0f26b5ebe4b34f62ead92686b5340"
            ],
            "version": "==4.40.2"
        },
        "twine": {
            "hashes": [
                "sha256:c1af8ca391e43b0a06bbc155f7f67db0bf0d19d284bfc88d1675da497a946124",
                "sha256:d561a5e511f70275e5a485a6275ff61851c16ffcb3a95a602189161112d9f160"
            ],
            "index": "pypi",
            "version": "==3.1.1"
        },
        "typed-ast": {
            "hashes": [
                "sha256:1170afa46a3799e18b4c977777ce137bb53c7485379d9706af8a59f2ea1aa161",
                "sha256:18511a0b3e7922276346bcb47e2ef9f38fb90fd31cb9223eed42c85d1312344e",
                "sha256:262c247a82d005e43b5b7f69aff746370538e176131c32dda9cb0f324d27141e",
                "sha256:2b907eb046d049bcd9892e3076c7a6456c93a25bebfe554e931620c90e6a25b0",
                "sha256:354c16e5babd09f5cb0ee000d54cfa38401d8b8891eefa878ac772f827181a3c",
                "sha256:48e5b1e71f25cfdef98b013263a88d7145879fbb2d5185f2a0c79fa7ebbeae47",
                "sha256:4e0b70c6fc4d010f8107726af5fd37921b666f5b31d9331f0bd24ad9a088e631",
                "sha256:630968c5cdee51a11c05a30453f8cd65e0cc1d2ad0d9192819df9978984529f4",
                "sha256:66480f95b8167c9c5c5c87f32cf437d585937970f3fc24386f313a4c97b44e34",
                "sha256:71211d26ffd12d63a83e079ff258ac9d56a1376a25bc80b1cdcdf601b855b90b",
                "sha256:7954560051331d003b4e2b3eb822d9dd2e376fa4f6d98fee32f452f52dd6ebb2",
                "sha256:838997f4310012cf2e1ad3803bce2f3402e9ffb71ded61b5ee22617b3a7f6b6e",
                "sha256:95bd11af7eafc16e829af2d3df510cecfd4387f6453355188342c3e79a2ec87a",
                "sha256:bc6c7d3fa1325a0c6613512a093bc2a2a15aeec350451cbdf9e1d4bffe3e3233",
                "sha256:cc34a6f5b426748a507dd5d1de4c1978f2eb5626d51326e43280941206c209e1",
                "sha256:d755f03c1e4a51e9b24d899561fec4ccaf51f210d52abdf8c07ee2849b212a36",
                "sha256:d7c45933b1bdfaf9f36c579671fec15d25b06c8398f113dab64c18ed1adda01d",
                "sha256:d896919306dd0aa22d0132f62a1b78d11aaf4c9fc5b3410d3c666b818191630a",
                "sha256:fdc1c9bbf79510b76408840e009ed65958feba92a88833cdceecff93ae8fff66",
                "sha256:ffde2fbfad571af120fcbfbbc61c72469e72f550d676c3342492a9dfdefb8f12"
            ],
            "markers": "implementation_name == 'cpython' and python_version < '3.8'",
            "version": "==1.4.0"
        },
        "urllib3": {
            "hashes": [
                "sha256:a8a318824cc77d1fd4b2bec2ded92646630d7fe8619497b142c84a9e6f5a7293",
                "sha256:f3c5fd51747d450d4dcf6f923c81f78f811aab8205fda64b0aba34a4e48b0745"
            ],
            "version": "==1.25.7"
        },
        "wcwidth": {
            "hashes": [
                "sha256:3df37372226d6e63e1b1e1eda15c594bca98a22d33a23832a90998faa96bc65e",
                "sha256:f4ebe71925af7b40a864553f761ed559b43544f8f71746c2d756c7fe788ade7c"
            ],
            "version": "==0.1.7"
        },
        "webencodings": {
            "hashes": [
                "sha256:a0af1213f3c2226497a97e2b3aa01a7e4bee4f403f95be16fc9acd2947514a78",
                "sha256:b36a1c245f2d304965eb4e0a82848379241dc04b865afcc4aab16748587e1923"
            ],
            "version": "==0.5.1"
        },
        "wheel": {
            "hashes": [
                "sha256:10c9da68765315ed98850f8e048347c3eb06dd81822dc2ab1d4fde9dc9702646",
                "sha256:f4da1763d3becf2e2cd92a14a7c920f0f00eca30fdde9ea992c836685b9faf28"
            ],
            "index": "pypi",
            "version": "==0.33.6"
        },
        "wrapt": {
            "hashes": [
                "sha256:565a021fd19419476b9362b05eeaa094178de64f8361e44468f9e9d7843901e1"
            ],
            "version": "==1.11.2"
        },
        "zipp": {
            "hashes": [
                "sha256:3718b1cbcd963c7d4c5511a8240812904164b7f381b647143a89d3b98f9bcd8e",
                "sha256:f06903e9f1f43b12d371004b4ac7b06ab39a44adc747266928ae6debfa7b3335"
            ],
            "version": "==0.6.0"
        }
    }
}
