{
    "_meta": {
        "hash": {
            "sha256": "afdd56f57ab519b69b78621db2c5d8f149b31b97e17cb5235654e7b1a2dd556f"
        },
        "pipfile-spec": 6,
        "requires": {
            "python_version": "3.7"
        },
        "sources": [
            {
                "name": "pypi",
                "url": "https://pypi.org/simple",
                "verify_ssl": true
            }
        ]
    },
    "default": {
        "attrs": {
            "hashes": [
                "sha256:ec20e7a4825331c1b5ebf261d111e16fa9612c1f7a5e1f884f12bd53a664dfd2",
                "sha256:f913492e1663d3c36f502e5e9ba6cd13cf19d7fab50aa13239e420fef95e1396"
            ],
            "version": "==19.2.0"
        },
        "click": {
            "hashes": [
                "sha256:2335065e6395b9e67ca716de5f7526736bfa6ceead690adf616d925bdc622b13",
                "sha256:5b94b49521f6456670fdb30cd82a4eca9412788a93fa6dd6df72c94d5a8ff2d7"
            ],
            "version": "==7.0"
        },
        "click-plugins": {
            "hashes": [
                "sha256:46ab999744a9d831159c3411bb0c79346d94a444df9a3a3742e9ed63645f264b",
                "sha256:5d262006d3222f5057fd81e1623d4443e41dcda5dc815c06b442aa3c02889fc8"
            ],
            "version": "==1.1.1"
        },
        "cligj": {
            "hashes": [
                "sha256:20f24ce9abfde3f758aec3399e6811b936b6772f360846c662c19bf5537b4f14",
                "sha256:60c93dda4499562eb87509a8ff3535a7441053b766c9c26bcf874a732f939c7c",
                "sha256:6c7d52d529a78712491974f975c33473f430c0f7beb18c0d7a402a743dcb460a"
            ],
            "version": "==0.5.0"
        },
        "feather-format": {
            "hashes": [
                "sha256:a7a0fbc727e1877354d4b4ad83f8e382a249f116241d0ccfc624cac24bddb1a9"
            ],
            "index": "pypi",
            "version": "==0.4.0"
        },
        "fiona": {
            "hashes": [
                "sha256:035414ebae4d2a55f61bda0bc55467c223504aad1826152122c8eafc4ba87819",
                "sha256:2bc68b11580352a10a92da734dc09bd12348e45188d94416788681430ff0f02a",
                "sha256:40e5a59029fb6b51824e7d2ab7b4d7de5f84c5c43ab189ec930e7aa7b7f6e278",
                "sha256:659b0d66149ddcd324754495f8f4c6d5aefa92eebeb31fd82622b1c12b0d4443",
                "sha256:711c3be73203b37812992089445a1e4e9d3d6b64e667389f7b15406e15a91e83",
                "sha256:82760cfeffabd443eb7ada2a2c64d9a6eab3e14e7c25b1ff90186ba80a3ca625",
                "sha256:8431aa3d790c5b509c4532ddb9a783df34d02a4e7b3175e5e75d058c09f81a90",
                "sha256:8e8ce2f233b90d4faf03ed12c9826ab0193992c49685a0b9cf381e9fbfca8fa5",
                "sha256:bbc6ba0ec3f6fc208b3f50df14374d5796258cfc30436fe3de312ed62d8f6223"
            ],
            "index": "pypi",
            "version": "==1.8.8"
        },
        "geopandas": {
            "hashes": [
                "sha256:3e98a2d21917562256ac01e2f1d568b7410f0476793fb70d4191777de6322b04",
                "sha256:b9a7e3ad3afe59396a3fcb1cf8d2004f4302aab0ccd7ffbe4648a0a03a506a83"
            ],
            "index": "pypi",
            "version": "==0.6.0"
        },
        "munch": {
            "hashes": [
                "sha256:6ae3d26b837feacf732fb8aa5b842130da1daf221f5af9f9d4b2a0a6414b0d51"
            ],
            "version": "==2.3.2"
        },
        "numpy": {
            "hashes": [
                "sha256:05dbfe72684cc14b92568de1bc1f41e5f62b00f714afc9adee42f6311738091f",
                "sha256:0d82cb7271a577529d07bbb05cb58675f2deb09772175fab96dc8de025d8ac05",
                "sha256:10132aa1fef99adc85a905d82e8497a580f83739837d7cbd234649f2e9b9dc58",
                "sha256:12322df2e21f033a60c80319c25011194cd2a21294cc66fee0908aeae2c27832",
                "sha256:16f19b3aa775dddc9814e02a46b8e6ae6a54ed8cf143962b4e53f0471dbd7b16",
                "sha256:3d0b0989dd2d066db006158de7220802899a1e5c8cf622abe2d0bd158fd01c2c",
                "sha256:438a3f0e7b681642898fd7993d38e2bf140a2d1eafaf3e89bb626db7f50db355",
                "sha256:5fd214f482ab53f2cea57414c5fb3e58895b17df6e6f5bca5be6a0bb6aea23bb",
                "sha256:73615d3edc84dd7c4aeb212fa3748fb83217e00d201875a47327f55363cef2df",
                "sha256:7bd355ad7496f4ce1d235e9814ec81ee3d28308d591c067ce92e49f745ba2c2f",
                "sha256:7d077f2976b8f3de08a0dcf5d72083f4af5411e8fddacd662aae27baa2601196",
                "sha256:a4092682778dc48093e8bda8d26ee8360153e2047826f95a3f5eae09f0ae3abf",
                "sha256:b458de8624c9f6034af492372eb2fee41a8e605f03f4732f43fc099e227858b2",
                "sha256:e70fc8ff03a961f13363c2c95ef8285e0cf6a720f8271836f852cc0fa64e97c8",
                "sha256:ee8e9d7cad5fe6dde50ede0d2e978d81eafeaa6233fb0b8719f60214cf226578",
                "sha256:f4a4f6aba148858a5a5d546a99280f71f5ee6ec8182a7d195af1a914195b21a2"
            ],
            "index": "pypi",
            "version": "==1.17.2"
        },
        "pandas": {
            "hashes": [
                "sha256:18d91a9199d1dfaa01ad645f7540370ba630bdcef09daaf9edf45b4b1bca0232",
                "sha256:3f26e5da310a0c0b83ea50da1fd397de2640b02b424aa69be7e0784228f656c9",
                "sha256:4182e32f4456d2c64619e97c58571fa5ca0993d1e8c2d9ca44916185e1726e15",
                "sha256:426e590e2eb0e60f765271d668a30cf38b582eaae5ec9b31229c8c3c10c5bc21",
                "sha256:5eb934a8f0dc358f0e0cdf314072286bbac74e4c124b64371395e94644d5d919",
                "sha256:717928808043d3ea55b9bcde636d4a52d2236c246f6df464163a66ff59980ad8",
                "sha256:8145f97c5ed71827a6ec98ceaef35afed1377e2d19c4078f324d209ff253ecb5",
                "sha256:8744c84c914dcc59cbbb2943b32b7664df1039d99e834e1034a3372acb89ea4d",
                "sha256:c1ac1d9590d0c9314ebf01591bd40d4c03d710bfc84a3889e5263c97d7891dee",
                "sha256:cb2e197b7b0687becb026b84d3c242482f20cbb29a9981e43604eb67576da9f6",
                "sha256:d4001b71ad2c9b84ff18b182cea22b7b6cbf624216da3ea06fb7af28d1f93165",
                "sha256:d8930772adccb2882989ab1493fa74bd87d47c8ac7417f5dd3dd834ba8c24dc9",
                "sha256:dfbb0173ee2399bc4ed3caf2d236e5c0092f948aafd0a15fbe4a0e77ee61a958",
                "sha256:eebfbba048f4fa8ac711b22c78516e16ff8117d05a580e7eeef6b0c2be554c18",
                "sha256:f1b21bc5cf3dbea53d33615d1ead892dfdae9d7052fa8898083bec88be20dcd2"
            ],
            "version": "==0.25.1"
        },
        "pyarrow": {
            "hashes": [
                "sha256:00681c4313ea70e2910e9488863c20e9b4816bca4421c4f796b78d92c90097da",
                "sha256:0d2e994419677740b0c096fb36fe914875ea223085430c20e5110802a4fbe606",
                "sha256:1a90a10b056eb74646aa7b6eecef7adf872d120d33d70da67d984eb39cc51072",
                "sha256:257816a2a292485d14d16fdd7f0a6ab3db29f62b5e6cfa09f7de64394d79103d",
                "sha256:33c9267395ea10cb3f917417e383ffaf217bab6d27007003f67000ed9302a430",
                "sha256:344f65f4860b061e30bbb85f6ed06666c19cf05a8129a2e272ca727299de7a53",
                "sha256:35ab34c6493c78f2f4c9583765445791c512241a282cd05e5666faa306428080",
                "sha256:4d696b1a4c177c32e75bd5e1819ad3d10c55f66133f50bf3e7261cc4c1dc603d",
                "sha256:556f5ce600172aee1521a6e25ac78563f17d265a587c76981dd52f8e1823761d",
                "sha256:96b9c9e81024200ff9bf57647d0c90207f2454125e6381c47bc6de36b6a56f4d",
                "sha256:9be234670bc6f7ffe709956e3e598ae84dfc4a01fa6d70c142756da42397787d",
                "sha256:a2c6e93ef381a874d4ab41429078604cbcb1f458166f904e53e8001096fbb5c4",
                "sha256:d965b0ec26d3909bdee04a2c122e8e8fd73ea9842edbe8858e799b7a5c0fba40",
                "sha256:fe144bbb7ab437d3f2503f28ef36e5430210096860320ca539593a71033c1a0c"
            ],
            "version": "==0.14.1"
        },
        "pyproj": {
            "hashes": [
                "sha256:0f3b3280ae59c74212841c38d1df055537b4e83cbfcda4072ba6b0eeefd0b98a",
                "sha256:36ad4ff82f38cdc7738da81289ec4309263ad40f3d62cb75eeef22bb70178698",
                "sha256:4a26485f09052722deaa1ddc6b3133d41bd982be5b0e64e296626e71b94ee5e6",
                "sha256:4b41db92d689119b57ff6fcc3ae5a75072c86a7078cb0c25434b3ab4b79ad624",
                "sha256:5d1f4f2645abd05128d29bd71eb378ff0fedb9f96147356e68b87a628863bf92",
                "sha256:7c05ca74d7a3c822afd933e2efb5c599475c1cb22919500cb7df8ecb1c24d04e",
                "sha256:8124fe43d81a7caca43df6930110e2bfd2bd3b82b86587eefd6f6d86a81a658e",
                "sha256:8e2a8fab431bc6d16a417792198813fe6b8c53aafb51f54e1e6a52cdb377b576",
                "sha256:9121e2ae3eb13d32cf2c49e456e052fe88cab200cfc07e3162cdb276427040fa",
                "sha256:a8462505b4fa7e7e73ac5e69f1aa3d4a31b25e93dac80a41a2ff35d996c3f173",
                "sha256:c22c52ea26d318d808bdde23e2b57b85c292747971ff79d0ea578b578ff791d6",
                "sha256:d25638d48af3df03c6d3c713495d62d0b9a135032b0dddafbb7f0004d052b1f5",
                "sha256:d851dd9245f60871306a49af92523a8ea8d8a60f3e522bbd8b9cd512d8b825ec",
                "sha256:e27a5bec46c706a343db9b218bf13abd53f1e066668b194bd48511c1773f6c1c",
                "sha256:fb151507b8793acc8c622164e3cc57d0c51f3d4790dabba1daf141a780bad68a"
            ],
            "version": "==2.4.0"
        },
        "python-dateutil": {
            "hashes": [
                "sha256:7e6584c74aeed623791615e26efd690f29817a27c73085b78e4bad02493df2fb",
                "sha256:c89805f6f4d64db21ed966fda138f8a5ed7a4fdbc1a8ee329ce1b74e3c74da9e"
            ],
            "version": "==2.8.0"
        },
        "pytz": {
            "hashes": [
                "sha256:26c0b32e437e54a18161324a2fca3c4b9846b74a8dccddd843113109e1116b32",
                "sha256:c894d57500a4cd2d5c71114aaab77dbab5eabd9022308ce5ac9bb93a60a6f0c7"
            ],
            "version": "==2019.2"
        },
        "shapely": {
            "hashes": [
                "sha256:0acc128a75085ceb8d06ff1f977c0543b066318588b9efee4c0058969c294ddf",
                "sha256:2482052bf690abf07429ae080ce98992c9ffca61ae9d1625abb75ef1dc537ad0",
                "sha256:2a5cd243945e1a9ba4659804c0d626cc59f8434d9d86652a2f00554d7657914e",
                "sha256:3e2d7a4f273942542faa1984c2f078250eece2a82e70d0c71252f26d3d2cc203",
                "sha256:5e3760ca3614181e0c8ce2f98b371392a86078fba40431c8c3696d36ea4184ec",
                "sha256:61070b237faf24e87ecc15549d8ca00c216273a03a83f1e5a5704a77a16517c5",
                "sha256:66aab79043fbf176f09e53c6fd9939d61a23ca97ed010722b95957025437f474",
                "sha256:673b61161c8e396a569eabf67cbaf63628f13848ea7f7103a260fd19a4da154c",
                "sha256:911284f46bd7e449ae77ef6e7a97b2f9acca48f683265608fc2e0bf937d864bb",
                "sha256:d215b086761c86117e605429452af0875149bf61cbc7e3cc62f490e65aba9600",
                "sha256:d90f957f8643045b24f8953ec6a1f1edfca4baf359338b027e5976f3796746b2"
            ],
            "index": "pypi",
            "version": "==1.7a2"
        },
        "six": {
            "hashes": [
                "sha256:3350809f0555b11f552448330d0b52d5f24c91a322ea4a15ef22629740f3761c",
                "sha256:d16a0141ec1a18405cd4ce8b4613101da75da0e9a7aec5bdd4fa804d0e0eba73"
            ],
            "version": "==1.12.0"
        }
    },
    "develop": {
        "appdirs": {
            "hashes": [
                "sha256:9e5896d1372858f8dd3344faf4e5014d21849c756c8d5701f78f8a103b372d92",
                "sha256:d8b24664561d0d34ddfaec54636d502d7cea6e29c3eaf68f3df6180863e2166e"
            ],
            "version": "==1.4.3"
        },
        "astroid": {
            "hashes": [
                "sha256:98c665ad84d10b18318c5ab7c3d203fe11714cbad2a4aef4f44651f415392754",
                "sha256:b7546ffdedbf7abcfbff93cd1de9e9980b1ef744852689decc5aeada324238c6"
            ],
            "version": "==2.3.1"
        },
        "atomicwrites": {
            "hashes": [
                "sha256:03472c30eb2c5d1ba9227e4c2ca66ab8287fbfbbda3888aa93dc2e28fc6811b4",
                "sha256:75a9445bac02d8d058d5e1fe689654ba5a6556a1dfd8ce6ec55a0ed79866cfa6"
            ],
            "version": "==1.3.0"
        },
        "attrs": {
            "hashes": [
                "sha256:ec20e7a4825331c1b5ebf261d111e16fa9612c1f7a5e1f884f12bd53a664dfd2",
                "sha256:f913492e1663d3c36f502e5e9ba6cd13cf19d7fab50aa13239e420fef95e1396"
            ],
            "version": "==19.2.0"
        },
        "black": {
            "hashes": [
                "sha256:09a9dcb7c46ed496a9850b76e4e825d6049ecd38b611f1224857a79bd985a8cf",
                "sha256:68950ffd4d9169716bcb8719a56c07a2f4485354fec061cdd5910aa07369731c"
            ],
            "index": "pypi",
            "version": "==19.3b0"
        },
        "bleach": {
            "hashes": [
                "sha256:213336e49e102af26d9cde77dd2d0397afabc5a6bf2fed985dc35b5d1e285a16",
                "sha256:3fdf7f77adcf649c9911387df51254b813185e32b2c6619f690b593a617e19fa"
            ],
            "version": "==3.1.0"
        },
        "certifi": {
            "hashes": [
                "sha256:e4f3620cfea4f83eedc95b24abd9cd56f3c4b146dd0177e83a21b4eb49e21e50",
                "sha256:fd7c7c74727ddcf00e9acd26bba8da604ffec95bf1c2144e67aff7a8b50e6cef"
            ],
            "version": "==2019.9.11"
        },
        "chardet": {
            "hashes": [
                "sha256:84ab92ed1c4d4f16916e05906b6b75a6c0fb5db821cc65e70cbd64a3e2a5eaae",
                "sha256:fc323ffcaeaed0e0a02bf4d117757b98aed530d9ed4531e3e15460124c106691"
            ],
            "version": "==3.0.4"
        },
        "click": {
            "hashes": [
                "sha256:2335065e6395b9e67ca716de5f7526736bfa6ceead690adf616d925bdc622b13",
                "sha256:5b94b49521f6456670fdb30cd82a4eca9412788a93fa6dd6df72c94d5a8ff2d7"
            ],
            "version": "==7.0"
        },
        "coverage": {
            "hashes": [
                "sha256:17a417c691de3fc88de027832267313e5ed2b2ea3956745b562c4c389e44d05b",
                "sha256:24307e67ebd9dc06fcbab9b7fef87412a97746c1baabb04ed8a93d5c2ccfe5ba",
                "sha256:2a5d44a9d8426bd3699123864e63f008dc8dea9df22d5216a141a25d4670f22c",
                "sha256:3726b8f5461e103a40e380f52b4b4ccdf2eda55d5d72f037cee43627992b4462",
                "sha256:39dd15bbc4880a64399e180925bbc21c0c316a3065f6455d2512039f5cb59b94",
                "sha256:3bb121f5dd156aab4fba2ebad6b0ad605bc5dc305931140dc614b101aa9d81ed",
                "sha256:3bfdea9226eaed97736c973a7d6d0bbf9e1c1f1c7391c8e9c2bb2d0dbae49156",
                "sha256:43be906a16239c1aa9f3742e3e6b0a5dd24781a13ce401f063262e9b4e93b69f",
                "sha256:4a54cac1b39b2925041a41bcd1f191898fe401618627d7c3abf127c32a1c6dd1",
                "sha256:4e58d65b90d6f26b3ccca7cf0fe573ef847347b8734af596a087a21eebb681f5",
                "sha256:50229727d9baf0cd7f5ee6b194bf9dea708e9a20823d93f9e04d710b0a60e757",
                "sha256:5141cdb010e9cd6939e37b8c2769d535cb535d80ef94f927c8a306f2e05a4736",
                "sha256:748ba2b950425b9aef9d1bde2d6af7023585505016bd634e578f76ada4a30465",
                "sha256:75e635bc6730c88b04421b25a0afc47b9b80efc1ed57630839196eb475722e50",
                "sha256:78556f51dbfb33f18794eee29a4a8542fd2e301aa0d072653930793974dced03",
                "sha256:7de17133509210ecc256535bab2f9a5547f3016c44f984fe12b4c10d81a4623f",
                "sha256:83bf376555898fe2dc50d111a34b0152b504e454ed1e13cdcda6e5d50ba0ed5b",
                "sha256:87730b5e4c3a42674fe8f0ecbb0d556c59c7e12b11a65c2178f2787252a80dfd",
                "sha256:9bb7819c020c20c6200764879f0b10b323d6d4719aa7b0ae316c9e35730f9e2d",
                "sha256:9c825788acb13d49ac20455433f3b862029aa497e97faba8c998555a042a6b91",
                "sha256:b2bb4941c8838fc9ea2fca3c52e6dd865d39bbbc014bde249161bf8fcccf2152",
                "sha256:c1b44c6c680f137910cb0f5481a2ae9899787ca7019f110a3708d9e99df941be",
                "sha256:c52c2bc67bd3ff8db685f7c5f03e34a95bddd58a535630161f28d1c485d61e22",
                "sha256:d6845e46338695c571759be1c770b013c477111e785b26151ec9feb6cd063543",
                "sha256:e292b32dfc80d9f271af2d52df95455248322156e764763c4bfb2385b2e33533"
            ],
            "version": "==5.0a8"
        },
        "docutils": {
            "hashes": [
                "sha256:6c4f696463b79f1fb8ba0c594b63840ebd41f059e92b31957c46b74a4599b6d0",
                "sha256:9e4d7ecfc600058e07ba661411a2b7de2fd0fafa17d1a7f7361cd47b1175c827",
                "sha256:a2aeea129088da402665e92e0b25b04b073c04b2dce4ab65caaa38b7ce2e1a99"
            ],
            "version": "==0.15.2"
        },
        "idna": {
            "hashes": [
                "sha256:c357b3f628cf53ae2c4c05627ecc484553142ca23264e593d327bcde5e9c3407",
                "sha256:ea8b7f6188e6fa117537c3df7da9fc686d485087abf6ac197f9c46432f7e4a3c"
            ],
            "version": "==2.8"
        },
        "importlib-metadata": {
            "hashes": [
                "sha256:aa18d7378b00b40847790e7c27e11673d7fed219354109d0e7b9e5b25dc3ad26",
                "sha256:d5f18a79777f3aa179c145737780282e27b508fc8fd688cb17c7a813e8bd39af"
            ],
            "markers": "python_version < '3.8'",
            "version": "==0.23"
        },
        "isort": {
            "hashes": [
                "sha256:54da7e92468955c4fceacd0c86bd0ec997b0e1ee80d97f67c35a78b719dccab1",
                "sha256:6e811fcb295968434526407adb8796944f1988c5b65e8139058f2014cbe100fd"
            ],
            "version": "==4.3.21"
        },
        "lazy-object-proxy": {
            "hashes": [
                "sha256:02b260c8deb80db09325b99edf62ae344ce9bc64d68b7a634410b8e9a568edbf",
                "sha256:18f9c401083a4ba6e162355873f906315332ea7035803d0fd8166051e3d402e3",
                "sha256:1f2c6209a8917c525c1e2b55a716135ca4658a3042b5122d4e3413a4030c26ce",
                "sha256:2f06d97f0ca0f414f6b707c974aaf8829c2292c1c497642f63824119d770226f",
                "sha256:616c94f8176808f4018b39f9638080ed86f96b55370b5a9463b2ee5c926f6c5f",
                "sha256:63b91e30ef47ef68a30f0c3c278fbfe9822319c15f34b7538a829515b84ca2a0",
                "sha256:77b454f03860b844f758c5d5c6e5f18d27de899a3db367f4af06bec2e6013a8e",
                "sha256:83fe27ba321e4cfac466178606147d3c0aa18e8087507caec78ed5a966a64905",
                "sha256:84742532d39f72df959d237912344d8a1764c2d03fe58beba96a87bfa11a76d8",
                "sha256:874ebf3caaf55a020aeb08acead813baf5a305927a71ce88c9377970fe7ad3c2",
                "sha256:9f5caf2c7436d44f3cec97c2fa7791f8a675170badbfa86e1992ca1b84c37009",
                "sha256:a0c8758d01fcdfe7ae8e4b4017b13552efa7f1197dd7358dc9da0576f9d0328a",
                "sha256:a4def978d9d28cda2d960c279318d46b327632686d82b4917516c36d4c274512",
                "sha256:ad4f4be843dace866af5fc142509e9b9817ca0c59342fdb176ab6ad552c927f5",
                "sha256:ae33dd198f772f714420c5ab698ff05ff900150486c648d29951e9c70694338e",
                "sha256:b4a2b782b8a8c5522ad35c93e04d60e2ba7f7dcb9271ec8e8c3e08239be6c7b4",
                "sha256:c462eb33f6abca3b34cdedbe84d761f31a60b814e173b98ede3c81bb48967c4f",
                "sha256:fd135b8d35dfdcdb984828c84d695937e58cc5f49e1c854eb311c4d6aa03f4f1"
            ],
            "version": "==1.4.2"
        },
        "mccabe": {
            "hashes": [
                "sha256:ab8a6258860da4b6677da4bd2fe5dc2c659cff31b3ee4f7f5d64e79735b80d42",
                "sha256:dd8d182285a0fe56bace7f45b5e7d1a6ebcbf524e8f3bd87eb0f125271b8831f"
            ],
            "version": "==0.6.1"
        },
        "more-itertools": {
            "hashes": [
                "sha256:409cd48d4db7052af495b09dec721011634af3753ae1ef92d2b32f73a745f832",
                "sha256:92b8c4b06dac4f0611c0729b2f2ede52b2e1bac1ab48f089c7ddc12e26bb60c4"
            ],
            "version": "==7.2.0"
        },
        "packaging": {
            "hashes": [
                "sha256:28b924174df7a2fa32c1953825ff29c61e2f5e082343165438812f00d3a7fc47",
                "sha256:d9551545c6d761f3def1677baf08ab2a3ca17c56879e70fecba2fc4dde4ed108"
            ],
            "version": "==19.2"
        },
        "pkginfo": {
            "hashes": [
                "sha256:7424f2c8511c186cd5424bbf31045b77435b37a8d604990b79d4e70d741148bb",
                "sha256:a6d9e40ca61ad3ebd0b72fbadd4fba16e4c0e4df0428c041e01e06eb6ee71f32"
            ],
            "version": "==1.5.0.1"
        },
        "pluggy": {
            "hashes": [
                "sha256:0db4b7601aae1d35b4a033282da476845aa19185c1e6964b25cf324b5e4ec3e6",
                "sha256:fa5fa1622fa6dd5c030e9cad086fa19ef6a0cf6d7a2d12318e10cb49d6d68f34"
            ],
            "version": "==0.13.0"
        },
        "py": {
            "hashes": [
                "sha256:64f65755aee5b381cea27766a3a147c3f15b9b6b9ac88676de66ba2ae36793fa",
                "sha256:dc639b046a6e2cff5bbe40194ad65936d6ba360b52b3c3fe1d08a82dd50b5e53"
            ],
            "version": "==1.8.0"
        },
        "py-cpuinfo": {
            "hashes": [
                "sha256:2cf6426f776625b21d1db8397d3297ef7acfa59018f02a8779123f3190f18500"
            ],
            "version": "==5.0.0"
        },
        "pygments": {
            "hashes": [
                "sha256:71e430bc85c88a430f000ac1d9b331d2407f681d6f6aec95e8bcfbc3df5b0127",
                "sha256:881c4c157e45f30af185c1ffe8d549d48ac9127433f2c380c24b84572ad66297"
            ],
            "version": "==2.4.2"
        },
        "pylint": {
            "hashes": [
                "sha256:7edbae11476c2182708063ac387a8f97c760d9cfe36a5ede0ca996f90cf346c8",
                "sha256:844ce067788028c1a35086a5c66bc5e599ddd851841c41d6ee1623b36774d9f2"
            ],
            "index": "pypi",
            "version": "==2.4.2"
        },
        "pyparsing": {
            "hashes": [
                "sha256:6f98a7b9397e206d78cc01df10131398f1c8b8510a2f4d97d9abd82e1aacdd80",
                "sha256:d9338df12903bbf5d65a0e4e87c2161968b10d2e489652bb47001d82a9b028b4"
            ],
            "version": "==2.4.2"
        },
        "pytest": {
            "hashes": [
                "sha256:13c1c9b22127a77fc684eee24791efafcef343335d855e3573791c68588fe1a5",
                "sha256:d8ba7be9466f55ef96ba203fc0f90d0cf212f2f927e69186e1353e30bc7f62e5"
            ],
            "index": "pypi",
            "version": "==5.2.0"
        },
        "pytest-benchmark": {
            "hashes": [
                "sha256:4512c6805318d07926efcb3b39f7b98a10d035305a93edfd5329c86cbf9cfbf7",
                "sha256:ab851115ce022639173b9497d4a4183a1d8fe9cdcf8fab9d8a57607008aedd3d"
            ],
            "index": "pypi",
            "version": "==3.2.2"
        },
        "pytest-cov": {
            "hashes": [
                "sha256:2b097cde81a302e1047331b48cadacf23577e431b61e9c6f49a1170bbe3d3da6",
                "sha256:e00ea4fdde970725482f1f35630d12f074e121a23801aabf2ae154ec6bdd343a"
            ],
            "index": "pypi",
            "version": "==2.7.1"
        },
        "readme-renderer": {
            "hashes": [
                "sha256:bb16f55b259f27f75f640acf5e00cf897845a8b3e4731b5c1a436e4b8529202f",
                "sha256:c8532b79afc0375a85f10433eca157d6b50f7d6990f337fa498c96cd4bfc203d"
            ],
            "version": "==24.0"
        },
        "requests": {
            "hashes": [
                "sha256:11e007a8a2aa0323f5a921e9e6a2d7e4e67d9877e85773fba9ba6419025cbeb4",
                "sha256:9cf5292fcd0f598c671cfc1e0d7d1a7f13bb8085e9a590f48c010551dc6c4b31"
            ],
            "version": "==2.22.0"
        },
        "requests-toolbelt": {
            "hashes": [
                "sha256:380606e1d10dc85c3bd47bf5a6095f815ec007be7a8b69c878507068df059e6f",
                "sha256:968089d4584ad4ad7c171454f0a5c6dac23971e9472521ea3b6d49d610aa6fc0"
            ],
            "version": "==0.9.1"
        },
        "six": {
            "hashes": [
                "sha256:3350809f0555b11f552448330d0b52d5f24c91a322ea4a15ef22629740f3761c",
                "sha256:d16a0141ec1a18405cd4ce8b4613101da75da0e9a7aec5bdd4fa804d0e0eba73"
            ],
            "version": "==1.12.0"
        },
        "toml": {
            "hashes": [
                "sha256:229f81c57791a41d65e399fc06bf0848bab550a9dfd5ed66df18ce5f05e73d5c",
                "sha256:235682dd292d5899d361a811df37e04a8828a5b1da3115886b73cf81ebc9100e"
            ],
            "version": "==0.10.0"
        },
        "tqdm": {
            "hashes": [
                "sha256:abc25d0ce2397d070ef07d8c7e706aede7920da163c64997585d42d3537ece3d",
                "sha256:dd3fcca8488bb1d416aa7469d2f277902f26260c45aa86b667b074cd44b3b115"
            ],
            "version": "==4.36.1"
        },
        "twine": {
            "hashes": [
                "sha256:5319dd3e02ac73fcddcd94f035b9631589ab5d23e1f4699d57365199d85261e1",
                "sha256:9fe7091715c7576df166df8ef6654e61bada39571783f2fd415bdcba867c6993"
            ],
            "index": "pypi",
            "version": "==2.0.0"
        },
        "typed-ast": {
            "hashes": [
                "sha256:18511a0b3e7922276346bcb47e2ef9f38fb90fd31cb9223eed42c85d1312344e",
                "sha256:262c247a82d005e43b5b7f69aff746370538e176131c32dda9cb0f324d27141e",
                "sha256:2b907eb046d049bcd9892e3076c7a6456c93a25bebfe554e931620c90e6a25b0",
                "sha256:354c16e5babd09f5cb0ee000d54cfa38401d8b8891eefa878ac772f827181a3c",
                "sha256:4e0b70c6fc4d010f8107726af5fd37921b666f5b31d9331f0bd24ad9a088e631",
                "sha256:630968c5cdee51a11c05a30453f8cd65e0cc1d2ad0d9192819df9978984529f4",
                "sha256:66480f95b8167c9c5c5c87f32cf437d585937970f3fc24386f313a4c97b44e34",
                "sha256:71211d26ffd12d63a83e079ff258ac9d56a1376a25bc80b1cdcdf601b855b90b",
                "sha256:95bd11af7eafc16e829af2d3df510cecfd4387f6453355188342c3e79a2ec87a",
                "sha256:bc6c7d3fa1325a0c6613512a093bc2a2a15aeec350451cbdf9e1d4bffe3e3233",
                "sha256:cc34a6f5b426748a507dd5d1de4c1978f2eb5626d51326e43280941206c209e1",
                "sha256:d755f03c1e4a51e9b24d899561fec4ccaf51f210d52abdf8c07ee2849b212a36",
                "sha256:d7c45933b1bdfaf9f36c579671fec15d25b06c8398f113dab64c18ed1adda01d",
                "sha256:d896919306dd0aa22d0132f62a1b78d11aaf4c9fc5b3410d3c666b818191630a",
                "sha256:ffde2fbfad571af120fcbfbbc61c72469e72f550d676c3342492a9dfdefb8f12"
            ],
            "markers": "implementation_name == 'cpython' and python_version < '3.8'",
            "version": "==1.4.0"
        },
        "urllib3": {
            "hashes": [
                "sha256:3de946ffbed6e6746608990594d08faac602528ac7015ac28d33cee6a45b7398",
                "sha256:9a107b99a5393caf59c7aa3c1249c16e6879447533d0887f4336dde834c7be86"
            ],
            "version": "==1.25.6"
        },
        "wcwidth": {
            "hashes": [
                "sha256:3df37372226d6e63e1b1e1eda15c594bca98a22d33a23832a90998faa96bc65e",
                "sha256:f4ebe71925af7b40a864553f761ed559b43544f8f71746c2d756c7fe788ade7c"
            ],
            "version": "==0.1.7"
        },
        "webencodings": {
            "hashes": [
                "sha256:a0af1213f3c2226497a97e2b3aa01a7e4bee4f403f95be16fc9acd2947514a78",
                "sha256:b36a1c245f2d304965eb4e0a82848379241dc04b865afcc4aab16748587e1923"
            ],
            "version": "==0.5.1"
        },
        "wheel": {
            "hashes": [
                "sha256:10c9da68765315ed98850f8e048347c3eb06dd81822dc2ab1d4fde9dc9702646",
                "sha256:f4da1763d3becf2e2cd92a14a7c920f0f00eca30fdde9ea992c836685b9faf28"
            ],
            "index": "pypi",
            "version": "==0.33.6"
        },
        "wrapt": {
            "hashes": [
                "sha256:565a021fd19419476b9362b05eeaa094178de64f8361e44468f9e9d7843901e1"
            ],
            "version": "==1.11.2"
        },
        "zipp": {
            "hashes": [
                "sha256:3718b1cbcd963c7d4c5511a8240812904164b7f381b647143a89d3b98f9bcd8e",
                "sha256:f06903e9f1f43b12d371004b4ac7b06ab39a44adc747266928ae6debfa7b3335"
            ],
            "version": "==0.6.0"
        }
    }
}
